
Microsoft Visual Studio Solution File, Format Version 12.00
# Visual Studio Version 17
VisualStudioVersion = 17.3.32804.467
MinimumVisualStudioVersion = 10.0.40219.1
Project("{9A19103F-16F7-4668-BE54-9A1E7A4F7556}") = "OwlStock.Web", "OwlStock.Web\OwlStock.Web.csproj", "{734C4142-075B-450B-877A-944A4FB339C7}"
EndProject
Project("{9A19103F-16F7-4668-BE54-9A1E7A4F7556}") = "OwlStock.Domain", "OwlStock.Domain\OwlStock.Domain.csproj", "{B4DB01D5-5923-45F4-B204-4702DBCE69D7}"
EndProject
Project("{9A19103F-16F7-4668-BE54-9A1E7A4F7556}") = "OwlStock.Infrastructure", "OwlStock.Infrastructure\OwlStock.Infrastructure.csproj", "{7A98DC8A-3013-4A79-95F6-04EB80B07574}"
EndProject
Project("{9A19103F-16F7-4668-BE54-9A1E7A4F7556}") = "OwlStock.Services", "OwlStock.Services\OwlStock.Services.csproj", "{C0F7B389-1354-4A87-9764-5F0DAABA8E17}"
EndProject
Project("{FAE04EC0-301F-11D3-BF4B-00C04F79EFBC}") = "OwlStock.Tests", "OwlStock.Tests\OwlStock.Tests.csproj", "{243BE15F-9BBC-4097-9512-ED30E658C2E6}"
EndProject
Global
	GlobalSection(SolutionConfigurationPlatforms) = preSolution
		Debug|Any CPU = Debug|Any CPU
		Release|Any CPU = Release|Any CPU
	EndGlobalSection
	GlobalSection(ProjectConfigurationPlatforms) = postSolution
		{734C4142-075B-450B-877A-944A4FB339C7}.Debug|Any CPU.ActiveCfg = Debug|Any CPU
		{734C4142-075B-450B-877A-944A4FB339C7}.Debug|Any CPU.Build.0 = Debug|Any CPU
		{734C4142-075B-450B-877A-944A4FB339C7}.Release|Any CPU.ActiveCfg = Release|Any CPU
		{734C4142-075B-450B-877A-944A4FB339C7}.Release|Any CPU.Build.0 = Release|Any CPU
		{B4DB01D5-5923-45F4-B204-4702DBCE69D7}.Debug|Any CPU.ActiveCfg = Debug|Any CPU
		{B4DB01D5-5923-45F4-B204-4702DBCE69D7}.Debug|Any CPU.Build.0 = Debug|Any CPU
		{B4DB01D5-5923-45F4-B204-4702DBCE69D7}.Release|Any CPU.ActiveCfg = Release|Any CPU
		{B4DB01D5-5923-45F4-B204-4702DBCE69D7}.Release|Any CPU.Build.0 = Release|Any CPU
		{7A98DC8A-3013-4A79-95F6-04EB80B07574}.Debug|Any CPU.ActiveCfg = Debug|Any CPU
		{7A98DC8A-3013-4A79-95F6-04EB80B07574}.Debug|Any CPU.Build.0 = Debug|Any CPU
		{7A98DC8A-3013-4A79-95F6-04EB80B07574}.Release|Any CPU.ActiveCfg = Release|Any CPU
		{7A98DC8A-3013-4A79-95F6-04EB80B07574}.Release|Any CPU.Build.0 = Release|Any CPU
		{C0F7B389-1354-4A87-9764-5F0DAABA8E17}.Debug|Any CPU.ActiveCfg = Debug|Any CPU
		{C0F7B389-1354-4A87-9764-5F0DAABA8E17}.Debug|Any CPU.Build.0 = Debug|Any CPU
		{C0F7B389-1354-4A87-9764-5F0DAABA8E17}.Release|Any CPU.ActiveCfg = Release|Any CPU
		{C0F7B389-1354-4A87-9764-5F0DAABA8E17}.Release|Any CPU.Build.0 = Release|Any CPU
		{243BE15F-9BBC-4097-9512-ED30E658C2E6}.Debug|Any CPU.ActiveCfg = Debug|Any CPU
		{243BE15F-9BBC-4097-9512-ED30E658C2E6}.Debug|Any CPU.Build.0 = Debug|Any CPU
		{243BE15F-9BBC-4097-9512-ED30E658C2E6}.Release|Any CPU.ActiveCfg = Release|Any CPU
		{243BE15F-9BBC-4097-9512-ED30E658C2E6}.Release|Any CPU.Build.0 = Release|Any CPU
	EndGlobalSection
	GlobalSection(SolutionProperties) = preSolution
		HideSolutionNode = FALSE
	EndGlobalSection
	GlobalSection(ExtensibilityGlobals) = postSolution
		SolutionGuid = {628A4C3E-C9F0-41A0-9C1E-5C0463130109}
	EndGlobalSection
EndGlobal
